# THIS IS AN AUTOGENERATED FILE. DO NOT EDIT THIS FILE DIRECTLY.
# yarn lockfile v1


"@ant-design/colors@^6.0.0":
  version "6.0.0"
  resolved "https://registry.yarnpkg.com/@ant-design/colors/-/colors-6.0.0.tgz#9b9366257cffcc47db42b9d0203bb592c13c0298"
  integrity sha512-qAZRvPzfdWHtfameEGP2Qvuf838NhergR35o+EuVyB5XvSA98xod5r4utvi4TJ3ywmevm290g9nsCG5MryrdWQ==
  dependencies:
    "@ctrl/tinycolor" "^3.4.0"

"@ant-design/icons-svg@^4.2.1":
  version "4.2.1"
  resolved "https://registry.yarnpkg.com/@ant-design/icons-svg/-/icons-svg-4.2.1.tgz#8630da8eb4471a4aabdaed7d1ff6a97dcb2cf05a"
  integrity sha512-EB0iwlKDGpG93hW8f85CTJTs4SvMX7tt5ceupvhALp1IF44SeUFOMhKUOYqpsoYWQKAOuTRDMqn75rEaKDp0Xw==

"@ant-design/icons@^4.7.0":
  version "4.7.0"
  resolved "https://registry.yarnpkg.com/@ant-design/icons/-/icons-4.7.0.tgz#8c3cbe0a556ba92af5dc7d1e70c0b25b5179af0f"
  integrity sha512-aoB4Z7JA431rt6d4u+8xcNPPCrdufSRMUOpxa1ab6mz1JCQZOEVolj2WVs/tDFmN62zzK30mNelEsprLYsSF3g==
  dependencies:
    "@ant-design/colors" "^6.0.0"
    "@ant-design/icons-svg" "^4.2.1"
    "@babel/runtime" "^7.11.2"
    classnames "^2.2.6"
    rc-util "^5.9.4"

"@ant-design/react-slick@~0.29.1":
  version "0.29.2"
  resolved "https://registry.yarnpkg.com/@ant-design/react-slick/-/react-slick-0.29.2.tgz#53e6a7920ea3562eebb304c15a7fc2d7e619d29c"
  integrity sha512-kgjtKmkGHa19FW21lHnAfyyH9AAoh35pBdcJ53rHmQ3O+cfFHGHnUbj/HFrRNJ5vIts09FKJVAD8RpaC+RaWfA==
  dependencies:
    "@babel/runtime" "^7.10.4"
    classnames "^2.2.5"
    json2mq "^0.2.0"
    lodash "^4.17.21"
    resize-observer-polyfill "^1.5.1"

"@babel/runtime@^7.10.1", "@babel/runtime@^7.10.2", "@babel/runtime@^7.10.4", "@babel/runtime@^7.11.1", "@babel/runtime@^7.11.2", "@babel/runtime@^7.12.5", "@babel/runtime@^7.18.0", "@babel/runtime@^7.18.3":
  version "7.19.0"
  resolved "https://registry.yarnpkg.com/@babel/runtime/-/runtime-7.19.0.tgz#22b11c037b094d27a8a2504ea4dcff00f50e2259"
  integrity sha512-eR8Lo9hnDS7tqkO7NsV+mKvCmv5boaXFSZ70DnfhcgiEne8hv9oCEd36Klw74EtizEqLsy4YnW8UWwpBVolHZA==
  dependencies:
    regenerator-runtime "^0.13.4"

"@ctrl/tinycolor@^3.4.0":
  version "3.4.1"
  resolved "https://registry.yarnpkg.com/@ctrl/tinycolor/-/tinycolor-3.4.1.tgz#75b4c27948c81e88ccd3a8902047bcd797f38d32"
  integrity sha512-ej5oVy6lykXsvieQtqZxCOaLT+xD4+QNarq78cIYISHmZXshCvROLudpQN3lfL8G0NL7plMSSK+zlyvCaIJ4Iw==

"@esbuild/linux-loong64@0.15.7":
  version "0.15.7"
  resolved "https://registry.yarnpkg.com/@esbuild/linux-loong64/-/linux-loong64-0.15.7.tgz#1ec4af4a16c554cbd402cc557ccdd874e3f7be53"
  integrity sha512-IKznSJOsVUuyt7cDzzSZyqBEcZe+7WlBqTVXiF1OXP/4Nm387ToaXZ0fyLwI1iBlI/bzpxVq411QE2/Bt2XWWw==

antd@^4.23.0:
  version "4.23.0"
  resolved "https://registry.yarnpkg.com/antd/-/antd-4.23.0.tgz#e336bf17816b66a38c85707b0b2d62a652680929"
  integrity sha512-a0voELfS5lDy6NCcDNbDUMv2OZ+IfeX/kYxaRnRJj0/R4tPJWAqs0bqFVpdk5y8JsPl6B396bTVzKZo49e+uvA==
  dependencies:
    "@ant-design/colors" "^6.0.0"
    "@ant-design/icons" "^4.7.0"
    "@ant-design/react-slick" "~0.29.1"
    "@babel/runtime" "^7.18.3"
    "@ctrl/tinycolor" "^3.4.0"
    classnames "^2.2.6"
    copy-to-clipboard "^3.2.0"
    lodash "^4.17.21"
    memoize-one "^6.0.0"
    moment "^2.29.2"
    rc-cascader "~3.6.0"
    rc-checkbox "~2.3.0"
    rc-collapse "~3.3.0"
    rc-dialog "~8.9.0"
    rc-drawer "~5.1.0"
    rc-dropdown "~4.0.0"
    rc-field-form "~1.27.0"
    rc-image "~5.7.0"
    rc-input "~0.1.2"
    rc-input-number "~7.3.5"
    rc-mentions "~1.9.1"
    rc-menu "~9.6.3"
    rc-motion "^2.6.1"
    rc-notification "~4.6.0"
    rc-pagination "~3.1.17"
    rc-picker "~2.6.10"
    rc-progress "~3.3.2"
    rc-rate "~2.9.0"
    rc-resize-observer "^1.2.0"
    rc-segmented "~2.1.0"
    rc-select "~14.1.1"
    rc-slider "~10.0.0"
    rc-steps "~4.1.0"
    rc-switch "~3.2.0"
    rc-table "~7.26.0"
    rc-tabs "~12.1.0-alpha.1"
    rc-textarea "~0.3.0"
    rc-tooltip "~5.2.0"
    rc-tree "~5.6.5"
    rc-tree-select "~5.4.0"
    rc-trigger "^5.2.10"
    rc-upload "~4.3.0"
    rc-util "^5.22.5"
    scroll-into-view-if-needed "^2.2.25"

array-tree-filter@^2.1.0:
  version "2.1.0"
  resolved "https://registry.yarnpkg.com/array-tree-filter/-/array-tree-filter-2.1.0.tgz#873ac00fec83749f255ac8dd083814b4f6329190"
  integrity sha512-4ROwICNlNw/Hqa9v+rk5h22KjmzB1JGTMVKP2AKJBOCgb0yL0ASf0+YvCcLNNwquOHNX48jkeZIJ3a+oOQqKcw==

async-validator@^4.1.0:
  version "4.2.5"
  resolved "https://registry.yarnpkg.com/async-validator/-/async-validator-4.2.5.tgz#c96ea3332a521699d0afaaceed510a54656c6339"
  integrity sha512-7HhHjtERjqlNbZtqNqy2rckN/SpOOlmDliet+lP7k+eKZEjPk3DgyeU9lIXLdeLz0uBbbVp+9Qdow9wJWgwwfg==

asynckit@^0.4.0:
  version "0.4.0"
  resolved "https://registry.yarnpkg.com/asynckit/-/asynckit-0.4.0.tgz#c79ed97f7f34cb8f2ba1bc9790bcc366474b4b79"
  integrity sha512-Oei9OH4tRh0YqU3GxhX79dM/mwVgvbZJaSNaRk+bshkj0S5cfHcgYakreBjrHwatXKbz+IoIdYLxrKim2MjW0Q==

axios@^0.27:
  version "0.27.2"
  resolved "https://registry.yarnpkg.com/axios/-/axios-0.27.2.tgz#207658cc8621606e586c85db4b41a750e756d972"
  integrity sha512-t+yRIyySRTp/wua5xEr+z1q60QmLq8ABsS5O9Me1AsE5dfKqgnCFzwiCZZ/cGNd1lq4/7akDWMxdhVlucjmnOQ==
  dependencies:
    follow-redirects "^1.14.9"
    form-data "^4.0.0"

classnames@2.x, classnames@^2.2.1, classnames@^2.2.3, classnames@^2.2.5, classnames@^2.2.6, classnames@^2.3.1:
  version "2.3.1"
  resolved "https://registry.yarnpkg.com/classnames/-/classnames-2.3.1.tgz#dfcfa3891e306ec1dad105d0e88f4417b8535e8e"
  integrity sha512-OlQdbZ7gLfGarSqxesMesDa5uz7KFbID8Kpq/SxIoNGDqY8lSYs0D+hhtBXhcdB3rcbXArFr7vlHheLk1voeNA==

combined-stream@^1.0.8:
  version "1.0.8"
  resolved "https://registry.yarnpkg.com/combined-stream/-/combined-stream-1.0.8.tgz#c3d45a8b34fd730631a110a8a2520682b31d5a7f"
  integrity sha512-FQN4MRfuJeHf7cBbBMJFXhKSDq+2kAArBlmRBvcvFE5BB1HZKXtSFASDhdlz9zOYwxh8lDdnvmMOe/+5cdoEdg==
  dependencies:
    delayed-stream "~1.0.0"

compute-scroll-into-view@^1.0.17:
  version "1.0.17"
  resolved "https://registry.yarnpkg.com/compute-scroll-into-view/-/compute-scroll-into-view-1.0.17.tgz#6a88f18acd9d42e9cf4baa6bec7e0522607ab7ab"
  integrity sha512-j4dx+Fb0URmzbwwMUrhqWM2BEWHdFGx+qZ9qqASHRPqvTYdqvWnHg0H1hIbcyLnvgnoNAVMlwkepyqM3DaIFUg==

copy-to-clipboard@^3.2.0:
  version "3.3.2"
  resolved "https://registry.yarnpkg.com/copy-to-clipboard/-/copy-to-clipboard-3.3.2.tgz#5b263ec2366224b100181dded7ce0579b340c107"
  integrity sha512-Vme1Z6RUDzrb6xAI7EZlVZ5uvOk2F//GaxKUxajDqm9LhOVM1inxNAD2vy+UZDYsd0uyA9s7b3/FVZPSxqrCfg==
  dependencies:
    toggle-selection "^1.0.6"

date-fns@2.x:
  version "2.29.2"
  resolved "https://registry.yarnpkg.com/date-fns/-/date-fns-2.29.2.tgz#0d4b3d0f3dff0f920820a070920f0d9662c51931"
  integrity sha512-0VNbwmWJDS/G3ySwFSJA3ayhbURMTJLtwM2DTxf9CWondCnh6DTNlO9JgRSq6ibf4eD0lfMJNBxUdEAHHix+bA==

dayjs@1.x:
  version "1.11.5"
  resolved "https://registry.yarnpkg.com/dayjs/-/dayjs-1.11.5.tgz#00e8cc627f231f9499c19b38af49f56dc0ac5e93"
  integrity sha512-CAdX5Q3YW3Gclyo5Vpqkgpj8fSdLQcRuzfX6mC6Phy0nfJ0eGYOeS7m4mt2plDWLAtA4TqTakvbboHvUxfe4iA==

delayed-stream@~1.0.0:
  version "1.0.0"
  resolved "https://registry.yarnpkg.com/delayed-stream/-/delayed-stream-1.0.0.tgz#df3ae199acadfb7d440aaae0b29e2272b24ec619"
  integrity sha512-ZySD7Nf91aLB0RxL4KGrKHBXl7Eds1DAmEdcoVawXnLD7SDhpNgtuII2aAkg7a7QS41jxPSZ17p4VdGnMHk3MQ==

dom-align@^1.7.0:
  version "1.12.3"
  resolved "https://registry.yarnpkg.com/dom-align/-/dom-align-1.12.3.tgz#a36d02531dae0eefa2abb0c4db6595250526f103"
  integrity sha512-Gj9hZN3a07cbR6zviMUBOMPdWxYhbMI+x+WS0NAIu2zFZmbK8ys9R79g+iG9qLnlCwpFoaB+fKy8Pdv470GsPA==

esbuild-android-64@0.15.7:
  version "0.15.7"
  resolved "https://registry.yarnpkg.com/esbuild-android-64/-/esbuild-android-64-0.15.7.tgz#a521604d8c4c6befc7affedc897df8ccde189bea"
  integrity sha512-p7rCvdsldhxQr3YHxptf1Jcd86dlhvc3EQmQJaZzzuAxefO9PvcI0GLOa5nCWem1AJ8iMRu9w0r5TG8pHmbi9w==

esbuild-android-arm64@0.15.7:
  version "0.15.7"
  resolved "https://registry.yarnpkg.com/esbuild-android-arm64/-/esbuild-android-arm64-0.15.7.tgz#307b81f1088bf1e81dfe5f3d1d63a2d2a2e3e68e"
  integrity sha512-L775l9ynJT7rVqRM5vo+9w5g2ysbOCfsdLV4CWanTZ1k/9Jb3IYlQ06VCI1edhcosTYJRECQFJa3eAvkx72eyQ==

esbuild-darwin-64@0.15.7:
  version "0.15.7"
  resolved "https://registry.yarnpkg.com/esbuild-darwin-64/-/esbuild-darwin-64-0.15.7.tgz#270117b0c4ec6bcbc5cf3a297a7d11954f007e11"
  integrity sha512-KGPt3r1c9ww009t2xLB6Vk0YyNOXh7hbjZ3EecHoVDxgtbUlYstMPDaReimKe6eOEfyY4hBEEeTvKwPsiH5WZg==

esbuild-darwin-arm64@0.15.7:
  version "0.15.7"
  resolved "https://registry.yarnpkg.com/esbuild-darwin-arm64/-/esbuild-darwin-arm64-0.15.7.tgz#97851eacd11dacb7719713602e3319e16202fc77"
  integrity sha512-kBIHvtVqbSGajN88lYMnR3aIleH3ABZLLFLxwL2stiuIGAjGlQW741NxVTpUHQXUmPzxi6POqc9npkXa8AcSZQ==

esbuild-freebsd-64@0.15.7:
  version "0.15.7"
  resolved "https://registry.yarnpkg.com/esbuild-freebsd-64/-/esbuild-freebsd-64-0.15.7.tgz#1de15ffaf5ae916aa925800aa6d02579960dd8c4"
  integrity sha512-hESZB91qDLV5MEwNxzMxPfbjAhOmtfsr9Wnuci7pY6TtEh4UDuevmGmkUIjX/b+e/k4tcNBMf7SRQ2mdNuK/HQ==

esbuild-freebsd-arm64@0.15.7:
  version "0.15.7"
  resolved "https://registry.yarnpkg.com/esbuild-freebsd-arm64/-/esbuild-freebsd-arm64-0.15.7.tgz#0f160dbf5c9a31a1d8dd87acbbcb1a04b7031594"
  integrity sha512-dLFR0ChH5t+b3J8w0fVKGvtwSLWCv7GYT2Y2jFGulF1L5HftQLzVGN+6pi1SivuiVSmTh28FwUhi9PwQicXI6Q==

esbuild-linux-32@0.15.7:
  version "0.15.7"
  resolved "https://registry.yarnpkg.com/esbuild-linux-32/-/esbuild-linux-32-0.15.7.tgz#422eb853370a5e40bdce8b39525380de11ccadec"
  integrity sha512-v3gT/LsONGUZcjbt2swrMjwxo32NJzk+7sAgtxhGx1+ZmOFaTRXBAi1PPfgpeo/J//Un2jIKm/I+qqeo4caJvg==

esbuild-linux-64@0.15.7:
  version "0.15.7"
  resolved "https://registry.yarnpkg.com/esbuild-linux-64/-/esbuild-linux-64-0.15.7.tgz#f89c468453bb3194b14f19dc32e0b99612e81d2b"
  integrity sha512-LxXEfLAKwOVmm1yecpMmWERBshl+Kv5YJ/1KnyAr6HRHFW8cxOEsEfisD3sVl/RvHyW//lhYUVSuy9jGEfIRAQ==

esbuild-linux-arm64@0.15.7:
  version "0.15.7"
  resolved "https://registry.yarnpkg.com/esbuild-linux-arm64/-/esbuild-linux-arm64-0.15.7.tgz#68a79d6eb5e032efb9168a0f340ccfd33d6350a1"
  integrity sha512-P3cfhudpzWDkglutWgXcT2S7Ft7o2e3YDMrP1n0z2dlbUZghUkKCyaWw0zhp4KxEEzt/E7lmrtRu/pGWnwb9vw==

esbuild-linux-arm@0.15.7:
  version "0.15.7"
  resolved "https://registry.yarnpkg.com/esbuild-linux-arm/-/esbuild-linux-arm-0.15.7.tgz#2b7c784d0b3339878013dfa82bf5eaf82c7ce7d3"
  integrity sha512-JKgAHtMR5f75wJTeuNQbyznZZa+pjiUHV7sRZp42UNdyXC6TiUYMW/8z8yIBAr2Fpad8hM1royZKQisqPABPvQ==

esbuild-linux-mips64le@0.15.7:
  version "0.15.7"
  resolved "https://registry.yarnpkg.com/esbuild-linux-mips64le/-/esbuild-linux-mips64le-0.15.7.tgz#bb8330a50b14aa84673816cb63cc6c8b9beb62cc"
  integrity sha512-T7XKuxl0VpeFLCJXub6U+iybiqh0kM/bWOTb4qcPyDDwNVhLUiPcGdG2/0S7F93czUZOKP57YiLV8YQewgLHKw==

esbuild-linux-ppc64le@0.15.7:
  version "0.15.7"
  resolved "https://registry.yarnpkg.com/esbuild-linux-ppc64le/-/esbuild-linux-ppc64le-0.15.7.tgz#52544e7fa992811eb996674090d0bc41f067a14b"
  integrity sha512-6mGuC19WpFN7NYbecMIJjeQgvDb5aMuvyk0PDYBJrqAEMkTwg3Z98kEKuCm6THHRnrgsdr7bp4SruSAxEM4eJw==

esbuild-linux-riscv64@0.15.7:
  version "0.15.7"
  resolved "https://registry.yarnpkg.com/esbuild-linux-riscv64/-/esbuild-linux-riscv64-0.15.7.tgz#a43ae60697992b957e454cbb622f7ee5297e8159"
  integrity sha512-uUJsezbswAYo/X7OU/P+PuL/EI9WzxsEQXDekfwpQ23uGiooxqoLFAPmXPcRAt941vjlY9jtITEEikWMBr+F/g==

esbuild-linux-s390x@0.15.7:
  version "0.15.7"
  resolved "https://registry.yarnpkg.com/esbuild-linux-s390x/-/esbuild-linux-s390x-0.15.7.tgz#8c76a125dd10a84c166294d77416caaf5e1c7b64"
  integrity sha512-+tO+xOyTNMc34rXlSxK7aCwJgvQyffqEM5MMdNDEeMU3ss0S6wKvbBOQfgd5jRPblfwJ6b+bKiz0g5nABpY0QQ==

esbuild-netbsd-64@0.15.7:
  version "0.15.7"
  resolved "https://registry.yarnpkg.com/esbuild-netbsd-64/-/esbuild-netbsd-64-0.15.7.tgz#19b2e75449d7d9c32b5d8a222bac2f1e0c3b08fd"
  integrity sha512-yVc4Wz+Pu3cP5hzm5kIygNPrjar/v5WCSoRmIjCPWfBVJkZNb5brEGKUlf+0Y759D48BCWa0WHrWXaNy0DULTQ==

esbuild-openbsd-64@0.15.7:
  version "0.15.7"
  resolved "https://registry.yarnpkg.com/esbuild-openbsd-64/-/esbuild-openbsd-64-0.15.7.tgz#1357b2bf72fd037d9150e751420a1fe4c8618ad7"
  integrity sha512-GsimbwC4FSR4lN3wf8XmTQ+r8/0YSQo21rWDL0XFFhLHKlzEA4SsT1Tl8bPYu00IU6UWSJ+b3fG/8SB69rcuEQ==

esbuild-sunos-64@0.15.7:
  version "0.15.7"
  resolved "https://registry.yarnpkg.com/esbuild-sunos-64/-/esbuild-sunos-64-0.15.7.tgz#87ab2c604592a9c3c763e72969da0d72bcde91d2"
  integrity sha512-8CDI1aL/ts0mDGbWzjEOGKXnU7p3rDzggHSBtVryQzkSOsjCHRVe0iFYUuhczlxU1R3LN/E7HgUO4NXzGGP/Ag==

esbuild-windows-32@0.15.7:
  version "0.15.7"
  resolved "https://registry.yarnpkg.com/esbuild-windows-32/-/esbuild-windows-32-0.15.7.tgz#c81e688c0457665a8d463a669e5bf60870323e99"
  integrity sha512-cOnKXUEPS8EGCzRSFa1x6NQjGhGsFlVgjhqGEbLTPsA7x4RRYiy2RKoArNUU4iR2vHmzqS5Gr84MEumO/wxYKA==

esbuild-windows-64@0.15.7:
  version "0.15.7"
  resolved "https://registry.yarnpkg.com/esbuild-windows-64/-/esbuild-windows-64-0.15.7.tgz#2421d1ae34b0561a9d6767346b381961266c4eff"
  integrity sha512-7MI08Ec2sTIDv+zH6StNBKO+2hGUYIT42GmFyW6MBBWWtJhTcQLinKS6ldIN1d52MXIbiJ6nXyCJ+LpL4jBm3Q==

esbuild-windows-arm64@0.15.7:
  version "0.15.7"
  resolved "https://registry.yarnpkg.com/esbuild-windows-arm64/-/esbuild-windows-arm64-0.15.7.tgz#7d5e9e060a7b454cb2f57f84a3f3c23c8f30b7d2"
  integrity sha512-R06nmqBlWjKHddhRJYlqDd3Fabx9LFdKcjoOy08YLimwmsswlFBJV4rXzZCxz/b7ZJXvrZgj8DDv1ewE9+StMw==

esbuild@^0.15.6:
  version "0.15.7"
  resolved "https://registry.yarnpkg.com/esbuild/-/esbuild-0.15.7.tgz#8a1f1aff58671a3199dd24df95314122fc1ddee8"
  integrity sha512-7V8tzllIbAQV1M4QoE52ImKu8hT/NLGlGXkiDsbEU5PS6K8Mn09ZnYoS+dcmHxOS9CRsV4IRAMdT3I67IyUNXw==
  optionalDependencies:
    "@esbuild/linux-loong64" "0.15.7"
    esbuild-android-64 "0.15.7"
    esbuild-android-arm64 "0.15.7"
    esbuild-darwin-64 "0.15.7"
    esbuild-darwin-arm64 "0.15.7"
    esbuild-freebsd-64 "0.15.7"
    esbuild-freebsd-arm64 "0.15.7"
    esbuild-linux-32 "0.15.7"
    esbuild-linux-64 "0.15.7"
    esbuild-linux-arm "0.15.7"
    esbuild-linux-arm64 "0.15.7"
    esbuild-linux-mips64le "0.15.7"
    esbuild-linux-ppc64le "0.15.7"
    esbuild-linux-riscv64 "0.15.7"
    esbuild-linux-s390x "0.15.7"
    esbuild-netbsd-64 "0.15.7"
    esbuild-openbsd-64 "0.15.7"
    esbuild-sunos-64 "0.15.7"
    esbuild-windows-32 "0.15.7"
    esbuild-windows-64 "0.15.7"
    esbuild-windows-arm64 "0.15.7"

follow-redirects@^1.14.9:
  version "1.15.1"
  resolved "https://registry.yarnpkg.com/follow-redirects/-/follow-redirects-1.15.1.tgz#0ca6a452306c9b276e4d3127483e29575e207ad5"
  integrity sha512-yLAMQs+k0b2m7cVxpS1VKJVvoz7SS9Td1zss3XRwXj+ZDH00RJgnuLx7E44wx02kQLrdM3aOOy+FpzS7+8OizA==

form-data@^4.0.0:
  version "4.0.0"
  resolved "https://registry.yarnpkg.com/form-data/-/form-data-4.0.0.tgz#93919daeaf361ee529584b9b31664dc12c9fa452"
  integrity sha512-ETEklSGi5t0QMZuiXoA/Q6vcnxcLQP5vdugSpuAyi6SVGi2clPPp+xgEhuMaHC+zGgn31Kd235W35f7Hykkaww==
  dependencies:
    asynckit "^0.4.0"
    combined-stream "^1.0.8"
    mime-types "^2.1.12"

fsevents@~2.3.2:
  version "2.3.2"
  resolved "https://registry.yarnpkg.com/fsevents/-/fsevents-2.3.2.tgz#8a526f78b8fdf4623b709e0b975c52c24c02fd1a"
  integrity sha512-xiqMQR4xAeHTuB9uWm+fFRcIOgKBMiOBP+eXiyT7jsgVCq1bkVygt00oASowB7EdtpOHaaPgKt812P9ab+DDKA==

function-bind@^1.1.1:
  version "1.1.1"
  resolved "https://registry.yarnpkg.com/function-bind/-/function-bind-1.1.1.tgz#a56899d3ea3c9bab874bb9773b7c5ede92f4895d"
  integrity sha512-yIovAzMX49sF8Yl58fSCWJ5svSLuaibPxXQJFLmBObTuCr0Mf1KiPopGM9NiFjiYBCbfaa2Fh6breQ6ANVTI0A==

has@^1.0.3:
  version "1.0.3"
  resolved "https://registry.yarnpkg.com/has/-/has-1.0.3.tgz#722d7cbfc1f6aa8241f16dd814e011e1f41e8796"
  integrity sha512-f2dvO0VU6Oej7RkWJGrehjbzMAjFp5/VKPp5tTpWIV4JHHZK1/BxbFRtf/siA2SWTe09caDmVtYYzWEIbBS4zw==
  dependencies:
    function-bind "^1.1.1"

is-core-module@^2.9.0:
  version "2.10.0"
  resolved "https://registry.yarnpkg.com/is-core-module/-/is-core-module-2.10.0.tgz#9012ede0a91c69587e647514e1d5277019e728ed"
  integrity sha512-Erxj2n/LDAZ7H8WNJXd9tw38GYM3dv8rk8Zcs+jJuxYTW7sozH+SS8NtrSjVL1/vpLvWi1hxy96IzjJ3EHTJJg==
  dependencies:
    has "^1.0.3"

"js-tokens@^3.0.0 || ^4.0.0":
  version "4.0.0"
  resolved "https://registry.yarnpkg.com/js-tokens/-/js-tokens-4.0.0.tgz#19203fb59991df98e3a287050d4647cdeaf32499"
  integrity sha512-RdJUflcE3cUzKiMqQgsCu06FPu9UdIJO0beYbPhHN4k6apgJtifcoCtT9bcxOpYBtpD2kCM6Sbzg4CausW/PKQ==

json2mq@^0.2.0:
  version "0.2.0"
  resolved "https://registry.yarnpkg.com/json2mq/-/json2mq-0.2.0.tgz#b637bd3ba9eabe122c83e9720483aeb10d2c904a"
  integrity sha512-SzoRg7ux5DWTII9J2qkrZrqV1gt+rTaoufMxEzXbS26Uid0NwaJd123HcoB80TgubEppxxIGdNxCx50fEoEWQA==
  dependencies:
    string-convert "^0.2.0"

laravel-vite-plugin@^0.6.0:
  version "0.6.0"
  resolved "https://registry.yarnpkg.com/laravel-vite-plugin/-/laravel-vite-plugin-0.6.0.tgz#b3a73c5d4a5b7ea976d9e9c8db050c25fab6cecf"
  integrity sha512-Tns2IJlcEywi33C4vMVwI2BKCHokCwx//bb6KPSo4IbliojsYJbV6v+Cu0Xaw2sKnj7VDkKJC5uv9hw5vUkj7Q==
  dependencies:
    vite-plugin-full-reload "^1.0.1"

lodash@^4.17.19, lodash@^4.17.21:
  version "4.17.21"
  resolved "https://registry.yarnpkg.com/lodash/-/lodash-4.17.21.tgz#679591c564c3bffaae8454cf0b3df370c3d6911c"
  integrity sha512-v2kDEe57lecTulaDIuNTPy3Ry4gLGJ6Z1O3vE1krgXZNrsQ+LFTGHVxVjcXPs17LhbZVGedAJv8XZ1tvj5FvSg==

loose-envify@^1.1.0:
  version "1.4.0"
  resolved "https://registry.yarnpkg.com/loose-envify/-/loose-envify-1.4.0.tgz#71ee51fa7be4caec1a63839f7e682d8132d30caf"
  integrity sha512-lyuxPGr/Wfhrlem2CL/UcnUc1zcqKAImBDzukY7Y5F/yQiNdko6+fRLevlw1HgMySw7f611UIY408EtxRSoK3Q==
  dependencies:
    js-tokens "^3.0.0 || ^4.0.0"

memoize-one@^6.0.0:
  version "6.0.0"
  resolved "https://registry.yarnpkg.com/memoize-one/-/memoize-one-6.0.0.tgz#b2591b871ed82948aee4727dc6abceeeac8c1045"
  integrity sha512-rkpe71W0N0c0Xz6QD0eJETuWAJGnJ9afsl1srmwPrI+yBCkge5EycXXbYRyvL29zZVUWQCY7InPRCv3GDXuZNw==

mime-db@1.52.0:
  version "1.52.0"
  resolved "https://registry.yarnpkg.com/mime-db/-/mime-db-1.52.0.tgz#bbabcdc02859f4987301c856e3387ce5ec43bf70"
  integrity sha512-sPU4uV7dYlvtWJxwwxHD0PuihVNiE7TyAbQ5SWxDCB9mUYvOgroQOwYQQOKPJ8CIbE+1ETVlOoK1UC2nU3gYvg==

mime-types@^2.1.12:
  version "2.1.35"
  resolved "https://registry.yarnpkg.com/mime-types/-/mime-types-2.1.35.tgz#381a871b62a734450660ae3deee44813f70d959a"
  integrity sha512-ZDY+bPm5zTTF+YpCrAU9nK0UgICYPT0QtT1NZWFv4s++TNkcgVaT0g6+4R2uI4MjQjzysHB1zxuWL50hzaeXiw==
  dependencies:
    mime-db "1.52.0"

moment@^2.24.0, moment@^2.29.2:
  version "2.29.4"
  resolved "https://registry.yarnpkg.com/moment/-/moment-2.29.4.tgz#3dbe052889fe7c1b2ed966fcb3a77328964ef108"
  integrity sha512-5LC9SOxjSc2HF6vO2CyuTDNivEdoz2IvyJJGj6X8DJ0eFyfszE0QiEd+iXmBvUP3WHxSjFH/vIsA0EN00cgr8w==

nanoid@^3.3.4:
  version "3.3.4"
  resolved "https://registry.yarnpkg.com/nanoid/-/nanoid-3.3.4.tgz#730b67e3cd09e2deacf03c027c81c9d9dbc5e8ab"
  integrity sha512-MqBkQh/OHTS2egovRtLk45wEyNXwF+cokD+1YPf9u5VfJiRdAiRwB2froX5Co9Rh20xs4siNPm8naNotSD6RBw==

path-parse@^1.0.7:
  version "1.0.7"
  resolved "https://registry.yarnpkg.com/path-parse/-/path-parse-1.0.7.tgz#fbc114b60ca42b30d9daf5858e4bd68bbedb6735"
  integrity sha512-LDJzPVEEEPR+y48z93A0Ed0yXb8pAByGWo/k5YYdYgpY2/2EsOsksJrq7lOHxryrVOn1ejG6oAp8ahvOIQD8sw==

picocolors@^1.0.0:
  version "1.0.0"
  resolved "https://registry.yarnpkg.com/picocolors/-/picocolors-1.0.0.tgz#cb5bdc74ff3f51892236eaf79d68bc44564ab81c"
  integrity sha512-1fygroTLlHu66zi26VoTDv8yRgm0Fccecssto+MhsZ0D/DGW2sm8E8AjW7NU5VVTRt5GxbeZ5qBuJr+HyLYkjQ==

picomatch@^2.3.1:
  version "2.3.1"
  resolved "https://registry.yarnpkg.com/picomatch/-/picomatch-2.3.1.tgz#3ba3833733646d9d3e4995946c1365a67fb07a42"
  integrity sha512-JU3teHTNjmE2VCGFzuY8EXzCDVwEqB2a8fsIvwaStHhAWJEeVd1o1QD80CU6+ZdEXXSLbSsuLwJjkCBWqRQUVA==

postcss@^8.1.14, postcss@^8.4.16:
  version "8.4.16"
  resolved "https://registry.yarnpkg.com/postcss/-/postcss-8.4.16.tgz#33a1d675fac39941f5f445db0de4db2b6e01d43c"
  integrity sha512-ipHE1XBvKzm5xI7hiHCZJCSugxvsdq2mPnsq5+UF+VHCjiBvtDrlxJfMBToWaP9D5XlgNmcFGqoHmUn0EYEaRQ==
  dependencies:
    nanoid "^3.3.4"
    picocolors "^1.0.0"
    source-map-js "^1.0.2"

rc-align@^4.0.0:
  version "4.0.12"
  resolved "https://registry.yarnpkg.com/rc-align/-/rc-align-4.0.12.tgz#065b5c68a1cc92a00800c9239320d9fdf5f16207"
  integrity sha512-3DuwSJp8iC/dgHzwreOQl52soj40LchlfUHtgACOUtwGuoFIOVh6n/sCpfqCU8kO5+iz6qR0YKvjgB8iPdE3aQ==
  dependencies:
    "@babel/runtime" "^7.10.1"
    classnames "2.x"
    dom-align "^1.7.0"
    lodash "^4.17.21"
    rc-util "^5.3.0"
    resize-observer-polyfill "^1.5.1"

rc-cascader@~3.6.0:
  version "3.6.2"
  resolved "https://registry.yarnpkg.com/rc-cascader/-/rc-cascader-3.6.2.tgz#2b5c108807234898cd9a0366d0626f786b7b5622"
  integrity sha512-sf2otpazlROTzkD3nZVfIzXmfBLiEOBTXA5wxozGXBpS902McDpvF0bdcYBu5hN+rviEAm6Mh9cLXNQ1Ty8wKQ==
  dependencies:
    "@babel/runtime" "^7.12.5"
    array-tree-filter "^2.1.0"
    classnames "^2.3.1"
    rc-select "~14.1.0"
    rc-tree "~5.6.3"
    rc-util "^5.6.1"

rc-checkbox@~2.3.0:
  version "2.3.2"
  resolved "https://registry.yarnpkg.com/rc-checkbox/-/rc-checkbox-2.3.2.tgz#f91b3678c7edb2baa8121c9483c664fa6f0aefc1"
  integrity sha512-afVi1FYiGv1U0JlpNH/UaEXdh6WUJjcWokj/nUN2TgG80bfG+MDdbfHKlLcNNba94mbjy2/SXJ1HDgrOkXGAjg==
  dependencies:
    "@babel/runtime" "^7.10.1"
    classnames "^2.2.1"

rc-collapse@~3.3.0:
  version "3.3.1"
  resolved "https://registry.yarnpkg.com/rc-collapse/-/rc-collapse-3.3.1.tgz#fc66d4c9cfeaf41e932b2de6da2d454874aee55a"
  integrity sha512-cOJfcSe3R8vocrF8T+PgaHDrgeA1tX+lwfhwSj60NX9QVRidsILIbRNDLD6nAzmcvVC5PWiIRiR4S1OobxdhCg==
  dependencies:
    "@babel/runtime" "^7.10.1"
    classnames "2.x"
    rc-motion "^2.3.4"
    rc-util "^5.2.1"
    shallowequal "^1.1.0"

rc-dialog@~8.9.0:
  version "8.9.0"
  resolved "https://registry.yarnpkg.com/rc-dialog/-/rc-dialog-8.9.0.tgz#04dc39522f0321ed2e06018d4a7e02a4c32bd3ea"
  integrity sha512-Cp0tbJnrvPchJfnwIvOMWmJ4yjX3HWFatO6oBFD1jx8QkgsQCR0p8nUWAKdd3seLJhEC39/v56kZaEjwp9muoQ==
  dependencies:
    "@babel/runtime" "^7.10.1"
    classnames "^2.2.6"
    rc-motion "^2.3.0"
    rc-util "^5.21.0"

rc-drawer@~5.1.0:
  version "5.1.0"
  resolved "https://registry.yarnpkg.com/rc-drawer/-/rc-drawer-5.1.0.tgz#c1b8a46e5c064ba46a16233fbcfb1ccec6a73c10"
  integrity sha512-pU3Tsn99pxGdYowXehzZbdDVE+4lDXSGb7p8vA9mSmr569oc2Izh4Zw5vLKSe/Xxn2p5MSNbLVqD4tz+pK6SOw==
  dependencies:
    "@babel/runtime" "^7.10.1"
    classnames "^2.2.6"
    rc-motion "^2.6.1"
    rc-util "^5.21.2"

rc-dropdown@~4.0.0:
  version "4.0.1"
  resolved "https://registry.yarnpkg.com/rc-dropdown/-/rc-dropdown-4.0.1.tgz#f65d9d3d89750241057db59d5a75e43cd4576b68"
  integrity sha512-OdpXuOcme1rm45cR0Jzgfl1otzmU4vuBVb+etXM8vcaULGokAKVpKlw8p6xzspG7jGd/XxShvq+N3VNEfk/l5g==
  dependencies:
    "@babel/runtime" "^7.18.3"
    classnames "^2.2.6"
    rc-trigger "^5.3.1"
    rc-util "^5.17.0"

rc-field-form@~1.27.0:
  version "1.27.1"
  resolved "https://registry.yarnpkg.com/rc-field-form/-/rc-field-form-1.27.1.tgz#11d61ccb43679e71fdbbff0d821326202554df84"
  integrity sha512-RShegnwFu6TH8tl2olCxn+B4Wyh5EiQH8c/7wucbkLNyue05YiH5gomUAg1vbZjp71yFKwegClctsEG5CNBWAA==
  dependencies:
    "@babel/runtime" "^7.18.0"
    async-validator "^4.1.0"
    rc-util "^5.8.0"

rc-image@~5.7.0:
  version "5.7.1"
  resolved "https://registry.yarnpkg.com/rc-image/-/rc-image-5.7.1.tgz#678dc014845954c30237808c00c7b12e5f2a0b07"
  integrity sha512-QyMfdhoUfb5W14plqXSisaYwpdstcLYnB0MjX5ccIK2rydQM9sDPuekQWu500DDGR2dBaIF5vx9XbWkNFK17Fg==
  dependencies:
    "@babel/runtime" "^7.11.2"
    classnames "^2.2.6"
    rc-dialog "~8.9.0"
    rc-util "^5.0.6"

rc-input-number@~7.3.5:
  version "7.3.7"
  resolved "https://registry.yarnpkg.com/rc-input-number/-/rc-input-number-7.3.7.tgz#a5463770f06641388675d32b4ae88958b5ededf9"
  integrity sha512-W9jDwfhJyNjg0iZX401r0GctTGX4ETURzF6SisC42GR0AkJxtaPD89eGwbTdAudUjEx0Pkn2rGmfvVGGdQACKA==
  dependencies:
    "@babel/runtime" "^7.10.1"
    classnames "^2.2.5"
    rc-util "^5.23.0"

rc-input@~0.1.2:
  version "0.1.2"
  resolved "https://registry.yarnpkg.com/rc-input/-/rc-input-0.1.2.tgz#7d6a0858a5f1fd89f78020cf6f13d672778481b1"
  integrity sha512-ZPmwcFspgfYpUfbSx3KnLk9gImBcLOrlQCr4oTJ4jBoIXgJLTfm26yelzRgBJewhkvD8uJbgX0sQ/yOzuOHnJg==
  dependencies:
    "@babel/runtime" "^7.11.1"
    classnames "^2.2.1"
    rc-util "^5.18.1"

rc-mentions@~1.9.1:
  version "1.9.2"
  resolved "https://registry.yarnpkg.com/rc-mentions/-/rc-mentions-1.9.2.tgz#f264ebc4ec734dad9edc8e078b65ab3586d94a7b"
  integrity sha512-uxb/lzNnEGmvraKWNGE6KXMVXvt8RQv9XW8R0Dqi3hYsyPiAZeHRCHQKdLARuk5YBhFhZ6ga55D/8XuY367g3g==
  dependencies:
    "@babel/runtime" "^7.10.1"
    classnames "^2.2.6"
    rc-menu "~9.6.0"
    rc-textarea "^0.3.0"
    rc-trigger "^5.0.4"
    rc-util "^5.22.5"

rc-menu@~9.6.0, rc-menu@~9.6.3:
  version "9.6.3"
  resolved "https://registry.yarnpkg.com/rc-menu/-/rc-menu-9.6.3.tgz#f0373d0391a97db94147106cddffe87b1e4f4e36"
  integrity sha512-KY9QilKWgkJZ0JSpOBgIpQF2wMRRodRxpIMYyIJ3Nd5N6xfVLOxXCxevHcBplt+Ez7MhUF+I03MuAKqWQJLZgw==
  dependencies:
    "@babel/runtime" "^7.10.1"
    classnames "2.x"
    rc-motion "^2.4.3"
    rc-overflow "^1.2.0"
    rc-trigger "^5.1.2"
    rc-util "^5.12.0"
    shallowequal "^1.1.0"

rc-motion@^2.0.0, rc-motion@^2.0.1, rc-motion@^2.2.0, rc-motion@^2.3.0, rc-motion@^2.3.4, rc-motion@^2.4.3, rc-motion@^2.4.4, rc-motion@^2.6.1, rc-motion@^2.6.2:
  version "2.6.2"
  resolved "https://registry.yarnpkg.com/rc-motion/-/rc-motion-2.6.2.tgz#3d31f97e41fb8e4f91a4a4189b6a98ac63342869"
  integrity sha512-4w1FaX3dtV749P8GwfS4fYnFG4Rb9pxvCYPc/b2fw1cmlHJWNNgOFIz7ysiD+eOrzJSvnLJWlNQQncpNMXwwpg==
  dependencies:
    "@babel/runtime" "^7.11.1"
    classnames "^2.2.1"
    rc-util "^5.21.0"

rc-notification@~4.6.0:
  version "4.6.0"
  resolved "https://registry.yarnpkg.com/rc-notification/-/rc-notification-4.6.0.tgz#4e76fc2d0568f03cc93ac18c9e20763ebe29fa46"
  integrity sha512-xF3MKgIoynzjQAO4lqsoraiFo3UXNYlBfpHs0VWvwF+4pimen9/H1DYLN2mfRWhHovW6gRpla73m2nmyIqAMZQ==
  dependencies:
    "@babel/runtime" "^7.10.1"
    classnames "2.x"
    rc-motion "^2.2.0"
    rc-util "^5.20.1"

rc-overflow@^1.0.0, rc-overflow@^1.2.0:
  version "1.2.8"
  resolved "https://registry.yarnpkg.com/rc-overflow/-/rc-overflow-1.2.8.tgz#40f140fabc244118543e627cdd1ef750d9481a88"
  integrity sha512-QJ0UItckWPQ37ZL1dMEBAdY1dhfTXFL9k6oTTcyydVwoUNMnMqCGqnRNA98axSr/OeDKqR6DVFyi8eA5RQI/uQ==
  dependencies:
    "@babel/runtime" "^7.11.1"
    classnames "^2.2.1"
    rc-resize-observer "^1.0.0"
    rc-util "^5.19.2"

rc-pagination@~3.1.17:
  version "3.1.17"
  resolved "https://registry.yarnpkg.com/rc-pagination/-/rc-pagination-3.1.17.tgz#91e690aa894806e344cea88ea4a16d244194a1bd"
  integrity sha512-/BQ5UxcBnW28vFAcP2hfh+Xg15W0QZn8TWYwdCApchMH1H0CxiaUUcULP8uXcFM1TygcdKWdt3JqsL9cTAfdkQ==
  dependencies:
    "@babel/runtime" "^7.10.1"
    classnames "^2.2.1"

rc-picker@~2.6.10:
  version "2.6.10"
  resolved "https://registry.yarnpkg.com/rc-picker/-/rc-picker-2.6.10.tgz#8d0a473c079388bdb2d7358a2a54c7d5095893b4"
  integrity sha512-9wYtw0DFWs9FO92Qh2D76P0iojUr8ZhLOtScUeOit6ks/F+TBLrOC1uze3IOu+u9gbDAjmosNWLKbBzx/Yuv2w==
  dependencies:
    "@babel/runtime" "^7.10.1"
    classnames "^2.2.1"
    date-fns "2.x"
    dayjs "1.x"
    moment "^2.24.0"
    rc-trigger "^5.0.4"
    rc-util "^5.4.0"
    shallowequal "^1.1.0"

rc-progress@~3.3.2:
  version "3.3.3"
  resolved "https://registry.yarnpkg.com/rc-progress/-/rc-progress-3.3.3.tgz#eb9bffbacab1534f2542f9f6861ce772254362b1"
  integrity sha512-MDVNVHzGanYtRy2KKraEaWeZLri2ZHWIRyaE1a9MQ2MuJ09m+Wxj5cfcaoaR6z5iRpHpA59YeUxAlpML8N4PJw==
  dependencies:
    "@babel/runtime" "^7.10.1"
    classnames "^2.2.6"
    rc-util "^5.16.1"

rc-rate@~2.9.0:
  version "2.9.2"
  resolved "https://registry.yarnpkg.com/rc-rate/-/rc-rate-2.9.2.tgz#4a58965d1ecf91896ebae01d458b59056df0b4ea"
  integrity sha512-SaiZFyN8pe0Fgphv8t3+kidlej+cq/EALkAJAc3A0w0XcPaH2L1aggM8bhe1u6GAGuQNAoFvTLjw4qLPGRKV5g==
  dependencies:
    "@babel/runtime" "^7.10.1"
    classnames "^2.2.5"
    rc-util "^5.0.1"

rc-resize-observer@^1.0.0, rc-resize-observer@^1.1.0, rc-resize-observer@^1.2.0:
  version "1.2.0"
  resolved "https://registry.yarnpkg.com/rc-resize-observer/-/rc-resize-observer-1.2.0.tgz#9f46052f81cdf03498be35144cb7c53fd282c4c7"
  integrity sha512-6W+UzT3PyDM0wVCEHfoW3qTHPTvbdSgiA43buiy8PzmeMnfgnDeb9NjdimMXMl3/TcrvvWl5RRVdp+NqcR47pQ==
  dependencies:
    "@babel/runtime" "^7.10.1"
    classnames "^2.2.1"
    rc-util "^5.15.0"
    resize-observer-polyfill "^1.5.1"

rc-segmented@~2.1.0:
  version "2.1.0"
  resolved "https://registry.yarnpkg.com/rc-segmented/-/rc-segmented-2.1.0.tgz#0e0afe646c1a0e44a0e18785f518c42633ec8efc"
  integrity sha512-hUlonro+pYoZcwrH6Vm56B2ftLfQh046hrwif/VwLIw1j3zGt52p5mREBwmeVzXnSwgnagpOpfafspzs1asjGw==
  dependencies:
    "@babel/runtime" "^7.11.1"
    classnames "^2.2.1"
    rc-motion "^2.4.4"
    rc-util "^5.17.0"

rc-select@~14.1.0, rc-select@~14.1.1:
  version "14.1.11"
  resolved "https://registry.yarnpkg.com/rc-select/-/rc-select-14.1.11.tgz#7f1227c14fe47c0f6e880a57e428c3318ac9bffe"
  integrity sha512-3UI781eaTg/V4BEc8rLk1i2BQmO+n0sOsi3RKcV2EkHu2ErjTlg/1SOixllnWTWcH02oizvdvALZ1nvZulin9A==
  dependencies:
    "@babel/runtime" "^7.10.1"
    classnames "2.x"
    rc-motion "^2.0.1"
    rc-overflow "^1.0.0"
    rc-trigger "^5.0.4"
    rc-util "^5.16.1"
    rc-virtual-list "^3.2.0"

rc-slider@~10.0.0:
  version "10.0.1"
  resolved "https://registry.yarnpkg.com/rc-slider/-/rc-slider-10.0.1.tgz#7058c68ff1e1aa4e7c3536e5e10128bdbccb87f9"
  integrity sha512-igTKF3zBet7oS/3yNiIlmU8KnZ45npmrmHlUUio8PNbIhzMcsh+oE/r2UD42Y6YD2D/s+kzCQkzQrPD6RY435Q==
  dependencies:
    "@babel/runtime" "^7.10.1"
    classnames "^2.2.5"
    rc-util "^5.18.1"
    shallowequal "^1.1.0"

rc-steps@~4.1.0:
  version "4.1.4"
  resolved "https://registry.yarnpkg.com/rc-steps/-/rc-steps-4.1.4.tgz#0ba82db202d59ca52d0693dc9880dd145b19dc23"
  integrity sha512-qoCqKZWSpkh/b03ASGx1WhpKnuZcRWmvuW+ZUu4mvMdfvFzVxblTwUM+9aBd0mlEUFmt6GW8FXhMpHkK3Uzp3w==
  dependencies:
    "@babel/runtime" "^7.10.2"
    classnames "^2.2.3"
    rc-util "^5.0.1"

rc-switch@~3.2.0:
  version "3.2.2"
  resolved "https://registry.yarnpkg.com/rc-switch/-/rc-switch-3.2.2.tgz#d001f77f12664d52595b4f6fb425dd9e66fba8e8"
  integrity sha512-+gUJClsZZzvAHGy1vZfnwySxj+MjLlGRyXKXScrtCTcmiYNPzxDFOxdQ/3pK1Kt/0POvwJ/6ALOR8gwdXGhs+A==
  dependencies:
    "@babel/runtime" "^7.10.1"
    classnames "^2.2.1"
    rc-util "^5.0.1"

rc-table@~7.26.0:
  version "7.26.0"
  resolved "https://registry.yarnpkg.com/rc-table/-/rc-table-7.26.0.tgz#9d517e7fa512e7571fdcc453eb1bf19edfac6fbc"
  integrity sha512-0cD8e6S+DTGAt5nBZQIPFYEaIukn17sfa5uFL98faHlH/whZzD8ii3dbFL4wmUDEL4BLybhYop+QUfZJ4CPvNQ==
  dependencies:
    "@babel/runtime" "^7.10.1"
    classnames "^2.2.5"
    rc-resize-observer "^1.1.0"
    rc-util "^5.22.5"
    shallowequal "^1.1.0"

rc-tabs@~12.1.0-alpha.1:
  version "12.1.0-alpha.1"
  resolved "https://registry.yarnpkg.com/rc-tabs/-/rc-tabs-12.1.0-alpha.1.tgz#00f45b9dffa9bc6aff8ce2aff4a1a0764caada54"
  integrity sha512-M+B88WEnGSuE+mR54fpgPbZLAakzxa/H6FmEetLBl5WG4I3AcwSk9amuIPC/tu0KXBl+H6Bg5ZwrrEUOBUvgzg==
  dependencies:
    "@babel/runtime" "^7.11.2"
    classnames "2.x"
    rc-dropdown "~4.0.0"
    rc-menu "~9.6.0"
    rc-motion "^2.6.2"
    rc-resize-observer "^1.0.0"
    rc-util "^5.5.0"

rc-textarea@^0.3.0, rc-textarea@~0.3.0:
  version "0.3.7"
  resolved "https://registry.yarnpkg.com/rc-textarea/-/rc-textarea-0.3.7.tgz#987142891efdedb774883c07e2f51b318fde5a11"
  integrity sha512-yCdZ6binKmAQB13hc/oehh0E/QRwoPP1pjF21aHBxlgXO3RzPF6dUu4LG2R4FZ1zx/fQd2L1faktulrXOM/2rw==
  dependencies:
    "@babel/runtime" "^7.10.1"
    classnames "^2.2.1"
    rc-resize-observer "^1.0.0"
    rc-util "^5.7.0"
    shallowequal "^1.1.0"

rc-tooltip@~5.2.0:
  version "5.2.2"
  resolved "https://registry.yarnpkg.com/rc-tooltip/-/rc-tooltip-5.2.2.tgz#e5cafa8ecebf78108936a0bcb93c150fa81ac93b"
  integrity sha512-jtQzU/18S6EI3lhSGoDYhPqNpWajMtS5VV/ld1LwyfrDByQpYmw/LW6U7oFXXLukjfDHQ7Ju705A82PRNFWYhg==
  dependencies:
    "@babel/runtime" "^7.11.2"
    classnames "^2.3.1"
    rc-trigger "^5.0.0"

rc-tree-select@~5.4.0:
  version "5.4.1"
  resolved "https://registry.yarnpkg.com/rc-tree-select/-/rc-tree-select-5.4.1.tgz#b97b9c6adcabc7415d25cfd40d18058b0c57bec2"
  integrity sha512-xhXnKP8Stu2Q7wTcjJaSzSOLd4wmFtUZOwmy1cioaWyPbpiKlYdnALXA/9U49HOaV3KFXdRHE9Yi0KYED7yOAQ==
  dependencies:
    "@babel/runtime" "^7.10.1"
    classnames "2.x"
    rc-select "~14.1.0"
    rc-tree "~5.6.1"
    rc-util "^5.16.1"

rc-tree@~5.6.1, rc-tree@~5.6.3, rc-tree@~5.6.5:
  version "5.6.7"
  resolved "https://registry.yarnpkg.com/rc-tree/-/rc-tree-5.6.7.tgz#832ef5a239c8143afe9dda33c39b87832b1a7e49"
  integrity sha512-LcvI8YciaBcPpsroi3qUR0hU3qMWAwtD/5SQuT4HcmMbVYM4281Xptav0Bq+7KUf2t1WhrqLhhtzrIlft+4tvw==
  dependencies:
    "@babel/runtime" "^7.10.1"
    classnames "2.x"
    rc-motion "^2.0.1"
    rc-util "^5.16.1"
    rc-virtual-list "^3.4.8"

rc-trigger@^5.0.0, rc-trigger@^5.0.4, rc-trigger@^5.1.2, rc-trigger@^5.2.10, rc-trigger@^5.3.1:
  version "5.3.1"
  resolved "https://registry.yarnpkg.com/rc-trigger/-/rc-trigger-5.3.1.tgz#acafadf3eaf384e7f466c303bfa0f34c8137d7b8"
  integrity sha512-5gaFbDkYSefZ14j2AdzucXzlWgU2ri5uEjkHvsf1ynRhdJbKxNOnw4PBZ9+FVULNGFiDzzlVF8RJnR9P/xrnKQ==
  dependencies:
    "@babel/runtime" "^7.18.3"
    classnames "^2.2.6"
    rc-align "^4.0.0"
    rc-motion "^2.0.0"
    rc-util "^5.19.2"

rc-upload@~4.3.0:
  version "4.3.4"
  resolved "https://registry.yarnpkg.com/rc-upload/-/rc-upload-4.3.4.tgz#83ff7d3867631c37adbfd72ea3d1fd7e97ca84af"
  integrity sha512-uVbtHFGNjHG/RyAfm9fluXB6pvArAGyAx8z7XzXXyorEgVIWj6mOlriuDm0XowDHYz4ycNK0nE0oP3cbFnzxiQ==
  dependencies:
    "@babel/runtime" "^7.18.3"
    classnames "^2.2.5"
    rc-util "^5.2.0"

rc-util@^5.0.1, rc-util@^5.0.6, rc-util@^5.12.0, rc-util@^5.15.0, rc-util@^5.16.1, rc-util@^5.17.0, rc-util@^5.18.1, rc-util@^5.19.2, rc-util@^5.2.0, rc-util@^5.2.1, rc-util@^5.20.1, rc-util@^5.21.0, rc-util@^5.21.2, rc-util@^5.22.5, rc-util@^5.23.0, rc-util@^5.3.0, rc-util@^5.4.0, rc-util@^5.5.0, rc-util@^5.6.1, rc-util@^5.7.0, rc-util@^5.8.0, rc-util@^5.9.4:
  version "5.24.2"
  resolved "https://registry.yarnpkg.com/rc-util/-/rc-util-5.24.2.tgz#b90057dd880e1ba2bea63028ef1892101a48bc0c"
  integrity sha512-MWd0ZEV7xSwN4HM9jz9BwpnMzwCPjYJ7K90lePsrdgAkrmm8U7b4BOTIsv/84BQsaF7N3ejNkcrZ3AfEwc9HXA==
  dependencies:
    "@babel/runtime" "^7.18.3"
    react-is "^16.12.0"
    shallowequal "^1.1.0"

rc-virtual-list@^3.2.0, rc-virtual-list@^3.4.8:
  version "3.4.8"
  resolved "https://registry.yarnpkg.com/rc-virtual-list/-/rc-virtual-list-3.4.8.tgz#c24c10c6940546b7e2a5e9809402c6716adfd26c"
  integrity sha512-qSN+Rv4i/E7RCTvTMr1uZo7f3crJJg/5DekoCagydo9zsXrxj07zsFSxqizqW+ldGA16lwa8So/bIbV9Ofjddg==
  dependencies:
    classnames "^2.2.6"
    rc-resize-observer "^1.0.0"
    rc-util "^5.15.0"

react-dom@^18.2.0:
  version "18.2.0"
  resolved "https://registry.yarnpkg.com/react-dom/-/react-dom-18.2.0.tgz#22aaf38708db2674ed9ada224ca4aa708d821e3d"
  integrity sha512-6IMTriUmvsjHUjNtEDudZfuDQUoWXVxKHhlEGSk81n4YFS+r/Kl99wXiwlVXtPBtJenozv2P+hxDsw9eA7Xo6g==
  dependencies:
    loose-envify "^1.1.0"
    scheduler "^0.23.0"

react-is@^16.12.0:
  version "16.13.1"
  resolved "https://registry.yarnpkg.com/react-is/-/react-is-16.13.1.tgz#789729a4dc36de2999dc156dd6c1d9c18cea56a4"
  integrity sha512-24e6ynE2H+OKt4kqsOvNd8kBpV65zoxbA4BVsEOB3ARVWQki/DHzaUoC5KuON/BiccDaCCTZBuOcfZs70kR8bQ==

react@^18.2.0:
  version "18.2.0"
  resolved "https://registry.yarnpkg.com/react/-/react-18.2.0.tgz#555bd98592883255fa00de14f1151a917b5d77d5"
  integrity sha512-/3IjMdb2L9QbBdWiW5e3P2/npwMBaU9mHCSCUzNln0ZCYbcfTsGbTJrU/kGemdH2IWmB2ioZ+zkxtmq6g09fGQ==
  dependencies:
    loose-envify "^1.1.0"

regenerator-runtime@^0.13.4:
  version "0.13.9"
  resolved "https://registry.yarnpkg.com/regenerator-runtime/-/regenerator-runtime-0.13.9.tgz#8925742a98ffd90814988d7566ad30ca3b263b52"
  integrity sha512-p3VT+cOEgxFsRRA9X4lkI1E+k2/CtnKtU4gcxyaCUreilL/vqI6CdZ3wxVUx3UOUg+gnUOQQcRI7BmSI656MYA==

resize-observer-polyfill@^1.5.1:
  version "1.5.1"
  resolved "https://registry.yarnpkg.com/resize-observer-polyfill/-/resize-observer-polyfill-1.5.1.tgz#0e9020dd3d21024458d4ebd27e23e40269810464"
  integrity sha512-LwZrotdHOo12nQuZlHEmtuXdqGoOD0OhaxopaNFxWzInpEgaLWoVuAMbTzixuosCx2nEG58ngzW3vxdWoxIgdg==

resolve@^1.22.1:
  version "1.22.1"
  resolved "https://registry.yarnpkg.com/resolve/-/resolve-1.22.1.tgz#27cb2ebb53f91abb49470a928bba7558066ac177"
  integrity sha512-nBpuuYuY5jFsli/JIs1oldw6fOQCBioohqWZg/2hiaOybXOft4lonv85uDOKXdf8rhyK159cxU5cDcK/NKk8zw==
  dependencies:
    is-core-module "^2.9.0"
    path-parse "^1.0.7"
    supports-preserve-symlinks-flag "^1.0.0"

rollup@~2.78.0:
  version "2.78.1"
  resolved "https://registry.yarnpkg.com/rollup/-/rollup-2.78.1.tgz#52fe3934d9c83cb4f7c4cb5fb75d88591be8648f"
  integrity sha512-VeeCgtGi4P+o9hIg+xz4qQpRl6R401LWEXBmxYKOV4zlF82lyhgh2hTZnheFUbANE8l2A41F458iwj2vEYaXJg==
  optionalDependencies:
    fsevents "~2.3.2"

scheduler@^0.23.0:
  version "0.23.0"
  resolved "https://registry.yarnpkg.com/scheduler/-/scheduler-0.23.0.tgz#ba8041afc3d30eb206a487b6b384002e4e61fdfe"
  integrity sha512-CtuThmgHNg7zIZWAXi3AsyIzA3n4xx7aNyjwC2VJldO2LMVDhFK+63xGqq6CsJH4rTAt6/M+N4GhZiDYPx9eUw==
  dependencies:
    loose-envify "^1.1.0"

scroll-into-view-if-needed@^2.2.25:
  version "2.2.29"
  resolved "https://registry.yarnpkg.com/scroll-into-view-if-needed/-/scroll-into-view-if-needed-2.2.29.tgz#551791a84b7e2287706511f8c68161e4990ab885"
  integrity sha512-hxpAR6AN+Gh53AdAimHM6C8oTN1ppwVZITihix+WqalywBeFcQ6LdQP5ABNl26nX8GTEL7VT+b8lKpdqq65wXg==
  dependencies:
    compute-scroll-into-view "^1.0.17"

shallowequal@^1.1.0:
  version "1.1.0"
  resolved "https://registry.yarnpkg.com/shallowequal/-/shallowequal-1.1.0.tgz#188d521de95b9087404fd4dcb68b13df0ae4e7f8"
  integrity sha512-y0m1JoUZSlPAjXVtPPW70aZWfIL/dSP7AFkRnniLCrK/8MDKog3TySTBmckD+RObVxH0v4Tox67+F14PdED2oQ==

source-map-js@^1.0.2:
  version "1.0.2"
  resolved "https://registry.yarnpkg.com/source-map-js/-/source-map-js-1.0.2.tgz#adbc361d9c62df380125e7f161f71c826f1e490c"
  integrity sha512-R0XvVJ9WusLiqTCEiGCmICCMplcCkIwwR11mOSD9CR5u+IXYdiseeEuXCVAjS54zqwkLcPNnmU4OeJ6tUrWhDw==

string-convert@^0.2.0:
  version "0.2.1"
  resolved "https://registry.yarnpkg.com/string-convert/-/string-convert-0.2.1.tgz#6982cc3049fbb4cd85f8b24568b9d9bf39eeff97"
  integrity sha512-u/1tdPl4yQnPBjnVrmdLo9gtuLvELKsAoRapekWggdiQNvvvum+jYF329d84NAa660KQw7pB2n36KrIKVoXa3A==

supports-preserve-symlinks-flag@^1.0.0:
  version "1.0.0"
  resolved "https://registry.yarnpkg.com/supports-preserve-symlinks-flag/-/supports-preserve-symlinks-flag-1.0.0.tgz#6eda4bd344a3c94aea376d4cc31bc77311039e09"
  integrity sha512-ot0WnXS9fgdkgIcePe6RHNk1WA8+muPa6cSjeR3V8K27q9BB1rTE3R1p7Hv0z1ZyAc8s6Vvv8DIyWf681MAt0w==

toggle-selection@^1.0.6:
  version "1.0.6"
  resolved "https://registry.yarnpkg.com/toggle-selection/-/toggle-selection-1.0.6.tgz#6e45b1263f2017fa0acc7d89d78b15b8bf77da32"
  integrity sha512-BiZS+C1OS8g/q2RRbJmy59xpyghNBqrr6k5L/uKBGRsTfxmu3ffiRnd8mlGPUVayg8pvfi5urfnu8TU7DVOkLQ==

vite-plugin-full-reload@^1.0.1:
  version "1.0.4"
  resolved "https://registry.yarnpkg.com/vite-plugin-full-reload/-/vite-plugin-full-reload-1.0.4.tgz#3fecd446f9accd5af01eb0328f6d161dca7cfc45"
  integrity sha512-9WejQII6zJ++m/YE173Zvl2jq4cqa404KNrVT+JDzDnqaGRq5UvOvA48fnsSWPIMXFV7S0dq5+sZqcSB+tKBgA==
  dependencies:
    picocolors "^1.0.0"
    picomatch "^2.3.1"

vite@^3.0.0:
  version "3.1.0"
  resolved "https://registry.yarnpkg.com/vite/-/vite-3.1.0.tgz#3138b279072941d57e76bcf7f66f272fc6a17fe2"
  integrity sha512-YBg3dUicDpDWFCGttmvMbVyS9ydjntwEjwXRj2KBFwSB8SxmGcudo1yb8FW5+M/G86aS8x828ujnzUVdsLjs9g==
  dependencies:
    esbuild "^0.15.6"
    postcss "^8.4.16"
    resolve "^1.22.1"
    rollup "~2.78.0"
  optionalDependencies:
    fsevents "~2.3.2"
